
Microsoft Visual Studio Solution File, Format Version 12.00
# Visual Studio Version 16
VisualStudioVersion = 16.0.31129.286
MinimumVisualStudioVersion = 10.0.40219.1
Project("{FAE04EC0-301F-11D3-BF4B-00C04F79EFBC}") = "MoreLinq", "MoreLinq.csproj", "{ECAB98B0-1B98-48BF-BFD6-532BC0CF77CD}"
EndProject
Global
	GlobalSection(SolutionConfigurationPlatforms) = preSolution
		Debug|Any CPU = Debug|Any CPU
		Release|Any CPU = Release|Any CPU
	EndGlobalSection
	GlobalSection(ProjectConfigurationPlatforms) = postSolution
		{ECAB98B0-1B98-48BF-BFD6-532BC0CF77CD}.Debug|Any CPU.ActiveCfg = Debug|Any CPU
		{ECAB98B0-1B98-48BF-BFD6-532BC0CF77CD}.Debug|Any CPU.Build.0 = Debug|Any CPU
		{ECAB98B0-1B98-48BF-BFD6-532BC0CF77CD}.Release|Any CPU.ActiveCfg = Release|Any CPU
		{ECAB98B0-1B98-48BF-BFD6-532BC0CF77CD}.Release|Any CPU.Build.0 = Release|Any CPU
	EndGlobalSection
	GlobalSection(SolutionProperties) = preSolution
		HideSolutionNode = FALSE
	EndGlobalSection
	GlobalSection(ExtensibilityGlobals) = postSolution
		SolutionGuid = {8A8BC84F-00E5-4DC8-A30C-1157FDB968BB}
	EndGlobalSection
EndGlobal
